
Microsoft Visual Studio Solution File, Format Version 12.00
# Visual Studio Version 17
VisualStudioVersion = 17.6.33829.357
MinimumVisualStudioVersion = 10.0.40219.1
Project("{8BC9CEB8-8B4A-11D0-8D11-00A0C91BC942}") = "EXP1", "EXP1\EXP1.vcxproj", "{CC4E768D-AFDE-481B-9956-D2DA4D074AA7}"
EndProject
Global
	GlobalSection(SolutionConfigurationPlatforms) = preSolution
		Debug|x64 = Debug|x64
		Debug|x86 = Debug|x86
		Release|x64 = Release|x64
		Release|x86 = Release|x86
	EndGlobalSection
	GlobalSection(ProjectConfigurationPlatforms) = postSolution
		{CC4E768D-AFDE-481B-9956-D2DA4D074AA7}.Debug|x64.ActiveCfg = Debug|x64
		{CC4E768D-AFDE-481B-9956-D2DA4D074AA7}.Debug|x64.Build.0 = Debug|x64
		{CC4E768D-AFDE-481B-9956-D2DA4D074AA7}.Debug|x86.ActiveCfg = Debug|Win32
		{CC4E768D-AFDE-481B-9956-D2DA4D074AA7}.Debug|x86.Build.0 = Debug|Win32
		{CC4E768D-AFDE-481B-9956-D2DA4D074AA7}.Release|x64.ActiveCfg = Release|x64
		{CC4E768D-AFDE-481B-9956-D2DA4D074AA7}.Release|x64.Build.0 = Release|x64
		{CC4E768D-AFDE-481B-9956-D2DA4D074AA7}.Release|x86.ActiveCfg = Release|Win32
		{CC4E768D-AFDE-481B-9956-D2DA4D074AA7}.Release|x86.Build.0 = Release|Win32
	EndGlobalSection
	GlobalSection(SolutionProperties) = preSolution
		HideSolutionNode = FALSE
	EndGlobalSection
	GlobalSection(ExtensibilityGlobals) = postSolution
		SolutionGuid = {F4E989CA-058A-4D0E-B827-54C6CC6C7082}
	EndGlobalSection
EndGlobal
